
Microsoft Visual Studio Solution File, Format Version 12.00
# Visual Studio Version 17
VisualStudioVersion = 17.9.34902.65
MinimumVisualStudioVersion = 10.0.40219.1
Project("{FAE04EC0-301F-11D3-BF4B-00C04F79EFBC}") = "Assignment 10.2.1 Creating a LINQ Query", "Assignment 10.2.1 Creating a LINQ Query.csproj", "{93B8AA53-A13E-4169-9AB9-4352783DA55E}"
EndProject
Global
	GlobalSection(SolutionConfigurationPlatforms) = preSolution
		Debug|Any CPU = Debug|Any CPU
		Release|Any CPU = Release|Any CPU
	EndGlobalSection
	GlobalSection(ProjectConfigurationPlatforms) = postSolution
		{93B8AA53-A13E-4169-9AB9-4352783DA55E}.Debug|Any CPU.ActiveCfg = Debug|Any CPU
		{93B8AA53-A13E-4169-9AB9-4352783DA55E}.Debug|Any CPU.Build.0 = Debug|Any CPU
		{93B8AA53-A13E-4169-9AB9-4352783DA55E}.Release|Any CPU.ActiveCfg = Release|Any CPU
		{93B8AA53-A13E-4169-9AB9-4352783DA55E}.Release|Any CPU.Build.0 = Release|Any CPU
	EndGlobalSection
	GlobalSection(SolutionProperties) = preSolution
		HideSolutionNode = FALSE
	EndGlobalSection
	GlobalSection(ExtensibilityGlobals) = postSolution
		SolutionGuid = {B9C5DD9A-3186-4B0C-A5C4-6A215CF5494C}
	EndGlobalSection
EndGlobal
